
Microsoft Visual Studio Solution File, Format Version 12.00
# Visual Studio Version 17
VisualStudioVersion = 17.4.33122.133
MinimumVisualStudioVersion = 10.0.40219.1
Project("{8BC9CEB8-8B4A-11D0-8D11-00A0C91BC942}") = "BST", "BST.vcxproj", "{2288535D-B4A7-45C3-9EE4-9C74F97EE5F2}"
EndProject
Global
	GlobalSection(SolutionConfigurationPlatforms) = preSolution
		Debug|x64 = Debug|x64
		Debug|x86 = Debug|x86
		Release|x64 = Release|x64
		Release|x86 = Release|x86
	EndGlobalSection
	GlobalSection(ProjectConfigurationPlatforms) = postSolution
		{2288535D-B4A7-45C3-9EE4-9C74F97EE5F2}.Debug|x64.ActiveCfg = Debug|x64
		{2288535D-B4A7-45C3-9EE4-9C74F97EE5F2}.Debug|x64.Build.0 = Debug|x64
		{2288535D-B4A7-45C3-9EE4-9C74F97EE5F2}.Debug|x86.ActiveCfg = Debug|Win32
		{2288535D-B4A7-45C3-9EE4-9C74F97EE5F2}.Debug|x86.Build.0 = Debug|Win32
		{2288535D-B4A7-45C3-9EE4-9C74F97EE5F2}.Release|x64.ActiveCfg = Release|x64
		{2288535D-B4A7-45C3-9EE4-9C74F97EE5F2}.Release|x64.Build.0 = Release|x64
		{2288535D-B4A7-45C3-9EE4-9C74F97EE5F2}.Release|x86.ActiveCfg = Release|Win32
		{2288535D-B4A7-45C3-9EE4-9C74F97EE5F2}.Release|x86.Build.0 = Release|Win32
	EndGlobalSection
	GlobalSection(SolutionProperties) = preSolution
		HideSolutionNode = FALSE
	EndGlobalSection
	GlobalSection(ExtensibilityGlobals) = postSolution
		SolutionGuid = {FB2EFFF3-D0D4-4673-95F6-3B61767E61B3}
	EndGlobalSection
EndGlobal
